// !$*UTF8*$!
{
	archiveVersion = 1;
	classes = {
	};
	objectVersion = 46;
	objects = {

/* Begin PBXBuildFile section */
		7372B2F614CD3D3B00F9FF5B /* UIKit.framework in Frameworks */ = {isa = PBXBuildFile; fileRef = 7372B2F514CD3D3B00F9FF5B /* UIKit.framework */; };
		7372B2F814CD3D3B00F9FF5B /* Foundation.framework in Frameworks */ = {isa = PBXBuildFile; fileRef = 7372B2F714CD3D3B00F9FF5B /* Foundation.framework */; };
		7372B2FA14CD3D3B00F9FF5B /* CoreGraphics.framework in Frameworks */ = {isa = PBXBuildFile; fileRef = 7372B2F914CD3D3B00F9FF5B /* CoreGraphics.framework */; };
		7372B30014CD3D3B00F9FF5B /* InfoPlist.strings in Resources */ = {isa = PBXBuildFile; fileRef = 7372B2FE14CD3D3B00F9FF5B /* InfoPlist.strings */; };
		7372B30214CD3D3B00F9FF5B /* main.m in Sources */ = {isa = PBXBuildFile; fileRef = 7372B30114CD3D3B00F9FF5B /* main.m */; };
		7372B30614CD3D3B00F9FF5B /* AppDelegate.m in Sources */ = {isa = PBXBuildFile; fileRef = 7372B30514CD3D3B00F9FF5B /* AppDelegate.m */; };
		7372B30E14CD3D3B00F9FF5B /* SenTestingKit.framework in Frameworks */ = {isa = PBXBuildFile; fileRef = 7372B30D14CD3D3B00F9FF5B /* SenTestingKit.framework */; };
		7372B30F14CD3D3B00F9FF5B /* UIKit.framework in Frameworks */ = {isa = PBXBuildFile; fileRef = 7372B2F514CD3D3B00F9FF5B /* UIKit.framework */; };
		7372B31014CD3D3B00F9FF5B /* Foundation.framework in Frameworks */ = {isa = PBXBuildFile; fileRef = 7372B2F714CD3D3B00F9FF5B /* Foundation.framework */; };
		7372B31814CD3D3B00F9FF5B /* InfoPlist.strings in Resources */ = {isa = PBXBuildFile; fileRef = 7372B31614CD3D3B00F9FF5B /* InfoPlist.strings */; };
		7372B31B14CD3D3B00F9FF5B /* KiwiSampleTests.m in Sources */ = {isa = PBXBuildFile; fileRef = 7372B31A14CD3D3B00F9FF5B /* KiwiSampleTests.m */; };
		739F447F14CD445A0004B802 /* libKiwi.a in Frameworks */ = {isa = PBXBuildFile; fileRef = 739F447814CD42790004B802 /* libKiwi.a */; };
/* End PBXBuildFile section */

/* Begin PBXContainerItemProxy section */
		7372B31114CD3D3B00F9FF5B /* PBXContainerItemProxy */ = {
			isa = PBXContainerItemProxy;
			containerPortal = 7372B2E814CD3D3B00F9FF5B /* Project object */;
			proxyType = 1;
			remoteGlobalIDString = 7372B2F014CD3D3B00F9FF5B;
			remoteInfo = KiwiSample;
		};
		739F447714CD42790004B802 /* PBXContainerItemProxy */ = {
			isa = PBXContainerItemProxy;
			containerPortal = 739F446E14CD42790004B802 /* Kiwi.xcodeproj */;
			proxyType = 2;
			remoteGlobalIDString = F5015B9F11583A77002E9A98;
			remoteInfo = Kiwi;
		};
		739F447914CD42790004B802 /* PBXContainerItemProxy */ = {
			isa = PBXContainerItemProxy;
			containerPortal = 739F446E14CD42790004B802 /* Kiwi.xcodeproj */;
			proxyType = 2;
			remoteGlobalIDString = F5015C9E11584017002E9A98;
			remoteInfo = KiwiTests;
		};
		739F447B14CD42790004B802 /* PBXContainerItemProxy */ = {
			isa = PBXContainerItemProxy;
			containerPortal = 739F446E14CD42790004B802 /* Kiwi.xcodeproj */;
			proxyType = 2;
			remoteGlobalIDString = A3B16542139967B800E9CC6E;
			remoteInfo = KiwiExamples;
		};
		739F447D14CD43C30004B802 /* PBXContainerItemProxy */ = {
			isa = PBXContainerItemProxy;
			containerPortal = 739F446E14CD42790004B802 /* Kiwi.xcodeproj */;
			proxyType = 1;
			remoteGlobalIDString = F5015B9E11583A77002E9A98;
			remoteInfo = Kiwi;
		};
/* End PBXContainerItemProxy section */

/* Begin PBXFileReference section */
		7372B2F114CD3D3B00F9FF5B /* KiwiSample.app */ = {isa = PBXFileReference; explicitFileType = wrapper.application; includeInIndex = 0; path = KiwiSample.app; sourceTree = BUILT_PRODUCTS_DIR; };
		7372B2F514CD3D3B00F9FF5B /* UIKit.framework */ = {isa = PBXFileReference; lastKnownFileType = wrapper.framework; name = UIKit.framework; path = System/Library/Frameworks/UIKit.framework; sourceTree = SDKROOT; };
		7372B2F714CD3D3B00F9FF5B /* Foundation.framework */ = {isa = PBXFileReference; lastKnownFileType = wrapper.framework; name = Foundation.framework; path = System/Library/Frameworks/Foundation.framework; sourceTree = SDKROOT; };
		7372B2F914CD3D3B00F9FF5B /* CoreGraphics.framework */ = {isa = PBXFileReference; lastKnownFileType = wrapper.framework; name = CoreGraphics.framework; path = System/Library/Frameworks/CoreGraphics.framework; sourceTree = SDKROOT; };
		7372B2FD14CD3D3B00F9FF5B /* KiwiSample-Info.plist */ = {isa = PBXFileReference; lastKnownFileType = text.plist.xml; path = "KiwiSample-Info.plist"; sourceTree = "<group>"; };
		7372B2FF14CD3D3B00F9FF5B /* en */ = {isa = PBXFileReference; lastKnownFileType = text.plist.strings; name = en; path = en.lproj/InfoPlist.strings; sourceTree = "<group>"; };
		7372B30114CD3D3B00F9FF5B /* main.m */ = {isa = PBXFileReference; lastKnownFileType = sourcecode.c.objc; path = main.m; sourceTree = "<group>"; };
		7372B30314CD3D3B00F9FF5B /* KiwiSample-Prefix.pch */ = {isa = PBXFileReference; lastKnownFileType = sourcecode.c.h; path = "KiwiSample-Prefix.pch"; sourceTree = "<group>"; };
		7372B30414CD3D3B00F9FF5B /* AppDelegate.h */ = {isa = PBXFileReference; lastKnownFileType = sourcecode.c.h; path = AppDelegate.h; sourceTree = "<group>"; };
		7372B30514CD3D3B00F9FF5B /* AppDelegate.m */ = {isa = PBXFileReference; lastKnownFileType = sourcecode.c.objc; path = AppDelegate.m; sourceTree = "<group>"; };
		7372B30C14CD3D3B00F9FF5B /* KiwiSampleTests.octest */ = {isa = PBXFileReference; explicitFileType = wrapper.cfbundle; includeInIndex = 0; path = KiwiSampleTests.octest; sourceTree = BUILT_PRODUCTS_DIR; };
		7372B30D14CD3D3B00F9FF5B /* SenTestingKit.framework */ = {isa = PBXFileReference; lastKnownFileType = wrapper.framework; name = SenTestingKit.framework; path = Library/Frameworks/SenTestingKit.framework; sourceTree = DEVELOPER_DIR; };
		7372B31514CD3D3B00F9FF5B /* KiwiSampleTests-Info.plist */ = {isa = PBXFileReference; lastKnownFileType = text.plist.xml; path = "KiwiSampleTests-Info.plist"; sourceTree = "<group>"; };
		7372B31714CD3D3B00F9FF5B /* en */ = {isa = PBXFileReference; lastKnownFileType = text.plist.strings; name = en; path = en.lproj/InfoPlist.strings; sourceTree = "<group>"; };
		7372B31914CD3D3B00F9FF5B /* KiwiSampleTests.h */ = {isa = PBXFileReference; lastKnownFileType = sourcecode.c.h; path = KiwiSampleTests.h; sourceTree = "<group>"; };
		7372B31A14CD3D3B00F9FF5B /* KiwiSampleTests.m */ = {isa = PBXFileReference; lastKnownFileType = sourcecode.c.objc; path = KiwiSampleTests.m; sourceTree = "<group>"; };
		739F446E14CD42790004B802 /* Kiwi.xcodeproj */ = {isa = PBXFileReference; lastKnownFileType = "wrapper.pb-project"; name = Kiwi.xcodeproj; path = Kiwi/Kiwi.xcodeproj; sourceTree = SOURCE_ROOT; };
/* End PBXFileReference section */

/* Begin PBXFrameworksBuildPhase section */
		7372B2EE14CD3D3B00F9FF5B /* Frameworks */ = {
			isa = PBXFrameworksBuildPhase;
			buildActionMask = 2147483647;
			files = (
				7372B2F614CD3D3B00F9FF5B /* UIKit.framework in Frameworks */,
				7372B2F814CD3D3B00F9FF5B /* Foundation.framework in Frameworks */,
				7372B2FA14CD3D3B00F9FF5B /* CoreGraphics.framework in Frameworks */,
			);
			runOnlyForDeploymentPostprocessing = 0;
		};
		7372B30814CD3D3B00F9FF5B /* Frameworks */ = {
			isa = PBXFrameworksBuildPhase;
			buildActionMask = 2147483647;
			files = (
				739F447F14CD445A0004B802 /* libKiwi.a in Frameworks */,
				7372B30E14CD3D3B00F9FF5B /* SenTestingKit.framework in Frameworks */,
				7372B30F14CD3D3B00F9FF5B /* UIKit.framework in Frameworks */,
				7372B31014CD3D3B00F9FF5B /* Foundation.framework in Frameworks */,
			);
			runOnlyForDeploymentPostprocessing = 0;
		};
/* End PBXFrameworksBuildPhase section */

/* Begin PBXGroup section */
		7372B2E614CD3D3B00F9FF5B = {
			isa = PBXGroup;
			children = (
				7372B2FB14CD3D3B00F9FF5B /* KiwiSample */,
				7372B31314CD3D3B00F9FF5B /* KiwiSampleTests */,
				7372B2F414CD3D3B00F9FF5B /* Frameworks */,
				7372B2F214CD3D3B00F9FF5B /* Products */,
			);
			sourceTree = "<group>";
		};
		7372B2F214CD3D3B00F9FF5B /* Products */ = {
			isa = PBXGroup;
			children = (
				7372B2F114CD3D3B00F9FF5B /* KiwiSample.app */,
				7372B30C14CD3D3B00F9FF5B /* KiwiSampleTests.octest */,
			);
			name = Products;
			sourceTree = "<group>";
		};
		7372B2F414CD3D3B00F9FF5B /* Frameworks */ = {
			isa = PBXGroup;
			children = (
				7372B2F514CD3D3B00F9FF5B /* UIKit.framework */,
				7372B2F714CD3D3B00F9FF5B /* Foundation.framework */,
				7372B2F914CD3D3B00F9FF5B /* CoreGraphics.framework */,
				7372B30D14CD3D3B00F9FF5B /* SenTestingKit.framework */,
			);
			name = Frameworks;
			sourceTree = "<group>";
		};
		7372B2FB14CD3D3B00F9FF5B /* KiwiSample */ = {
			isa = PBXGroup;
			children = (
				7372B30414CD3D3B00F9FF5B /* AppDelegate.h */,
				7372B30514CD3D3B00F9FF5B /* AppDelegate.m */,
				7372B2FC14CD3D3B00F9FF5B /* Supporting Files */,
			);
			path = KiwiSample;
			sourceTree = "<group>";
		};
		7372B2FC14CD3D3B00F9FF5B /* Supporting Files */ = {
			isa = PBXGroup;
			children = (
				7372B2FD14CD3D3B00F9FF5B /* KiwiSample-Info.plist */,
				7372B2FE14CD3D3B00F9FF5B /* InfoPlist.strings */,
				7372B30114CD3D3B00F9FF5B /* main.m */,
				7372B30314CD3D3B00F9FF5B /* KiwiSample-Prefix.pch */,
			);
			name = "Supporting Files";
			sourceTree = "<group>";
		};
		7372B31314CD3D3B00F9FF5B /* KiwiSampleTests */ = {
			isa = PBXGroup;
			children = (
				739F446E14CD42790004B802 /* Kiwi.xcodeproj */,
				7372B31914CD3D3B00F9FF5B /* KiwiSampleTests.h */,
				7372B31A14CD3D3B00F9FF5B /* KiwiSampleTests.m */,
				7372B31414CD3D3B00F9FF5B /* Supporting Files */,
			);
			path = KiwiSampleTests;
			sourceTree = "<group>";
		};
		7372B31414CD3D3B00F9FF5B /* Supporting Files */ = {
			isa = PBXGroup;
			children = (
				7372B31514CD3D3B00F9FF5B /* KiwiSampleTests-Info.plist */,
				7372B31614CD3D3B00F9FF5B /* InfoPlist.strings */,
			);
			name = "Supporting Files";
			sourceTree = "<group>";
		};
		739F446F14CD42790004B802 /* Products */ = {
			isa = PBXGroup;
			children = (
				739F447814CD42790004B802 /* libKiwi.a */,
				739F447A14CD42790004B802 /* KiwiTests.octest */,
				739F447C14CD42790004B802 /* KiwiExamples.octest */,
			);
			name = Products;
			sourceTree = "<group>";
		};
/* End PBXGroup section */

/* Begin PBXNativeTarget section */
		7372B2F014CD3D3B00F9FF5B /* KiwiSample */ = {
			isa = PBXNativeTarget;
			buildConfigurationList = 7372B31E14CD3D3B00F9FF5B /* Build configuration list for PBXNativeTarget "KiwiSample" */;
			buildPhases = (
				7372B2ED14CD3D3B00F9FF5B /* Sources */,
				7372B2EE14CD3D3B00F9FF5B /* Frameworks */,
				7372B2EF14CD3D3B00F9FF5B /* Resources */,
			);
			buildRules = (
			);
			dependencies = (
			);
			name = KiwiSample;
			productName = KiwiSample;
			productReference = 7372B2F114CD3D3B00F9FF5B /* KiwiSample.app */;
			productType = "com.apple.product-type.application";
		};
		7372B30B14CD3D3B00F9FF5B /* KiwiSampleTests */ = {
			isa = PBXNativeTarget;
			buildConfigurationList = 7372B32114CD3D3B00F9FF5B /* Build configuration list for PBXNativeTarget "KiwiSampleTests" */;
			buildPhases = (
				7372B30714CD3D3B00F9FF5B /* Sources */,
				7372B30814CD3D3B00F9FF5B /* Frameworks */,
				7372B30914CD3D3B00F9FF5B /* Resources */,
				7372B30A14CD3D3B00F9FF5B /* ShellScript */,
			);
			buildRules = (
			);
			dependencies = (
				739F447E14CD43C30004B802 /* PBXTargetDependency */,
				7372B31214CD3D3B00F9FF5B /* PBXTargetDependency */,
			);
			name = KiwiSampleTests;
			productName = KiwiSampleTests;
			productReference = 7372B30C14CD3D3B00F9FF5B /* KiwiSampleTests.octest */;
			productType = "com.apple.product-type.bundle";
		};
/* End PBXNativeTarget section */

/* Begin PBXProject section */
		7372B2E814CD3D3B00F9FF5B /* Project object */ = {
			isa = PBXProject;
			attributes = {
				LastUpgradeCheck = 0420;
			};
			buildConfigurationList = 7372B2EB14CD3D3B00F9FF5B /* Build configuration list for PBXProject "KiwiSample" */;
			compatibilityVersion = "Xcode 3.2";
			developmentRegion = English;
			hasScannedForEncodings = 0;
			knownRegions = (
				en,
			);
			mainGroup = 7372B2E614CD3D3B00F9FF5B;
			productRefGroup = 7372B2F214CD3D3B00F9FF5B /* Products */;
			projectDirPath = "";
			projectReferences = (
				{
					ProductGroup = 739F446F14CD42790004B802 /* Products */;
					ProjectRef = 739F446E14CD42790004B802 /* Kiwi.xcodeproj */;
				},
			);
			projectRoot = "";
			targets = (
				7372B2F014CD3D3B00F9FF5B /* KiwiSample */,
				7372B30B14CD3D3B00F9FF5B /* KiwiSampleTests */,
			);
		};
/* End PBXProject section */

/* Begin PBXReferenceProxy section */
		739F447814CD42790004B802 /* libKiwi.a */ = {
			isa = PBXReferenceProxy;
			fileType = archive.ar;
			path = libKiwi.a;
			remoteRef = 739F447714CD42790004B802 /* PBXContainerItemProxy */;
			sourceTree = BUILT_PRODUCTS_DIR;
		};
		739F447A14CD42790004B802 /* KiwiTests.octest */ = {
			isa = PBXReferenceProxy;
			fileType = wrapper.cfbundle;
			path = KiwiTests.octest;
			remoteRef = 739F447914CD42790004B802 /* PBXContainerItemProxy */;
			sourceTree = BUILT_PRODUCTS_DIR;
		};
		739F447C14CD42790004B802 /* KiwiExamples.octest */ = {
			isa = PBXReferenceProxy;
			fileType = wrapper.cfbundle;
			path = KiwiExamples.octest;
			remoteRef = 739F447B14CD42790004B802 /* PBXContainerItemProxy */;
			sourceTree = BUILT_PRODUCTS_DIR;
		};
/* End PBXReferenceProxy section */

/* Begin PBXResourcesBuildPhase section */
		7372B2EF14CD3D3B00F9FF5B /* Resources */ = {
			isa = PBXResourcesBuildPhase;
			buildActionMask = 2147483647;
			files = (
				7372B30014CD3D3B00F9FF5B /* InfoPlist.strings in Resources */,
			);
			runOnlyForDeploymentPostprocessing = 0;
		};
		7372B30914CD3D3B00F9FF5B /* Resources */ = {
			isa = PBXResourcesBuildPhase;
			buildActionMask = 2147483647;
			files = (
				7372B31814CD3D3B00F9FF5B /* InfoPlist.strings in Resources */,
			);
			runOnlyForDeploymentPostprocessing = 0;
		};
/* End PBXResourcesBuildPhase section */

/* Begin PBXShellScriptBuildPhase section */
		7372B30A14CD3D3B00F9FF5B /* ShellScript */ = {
			isa = PBXShellScriptBuildPhase;
			buildActionMask = 2147483647;
			files = (
			);
			inputPaths = (
			);
			outputPaths = (
			);
			runOnlyForDeploymentPostprocessing = 0;
			shellPath = /bin/sh;
			shellScript = "# Run the unit tests in this test bundle.\n\"${SYSTEM_DEVELOPER_DIR}/Tools/RunUnitTests\"\n";
		};
/* End PBXShellScriptBuildPhase section */

/* Begin PBXSourcesBuildPhase section */
		7372B2ED14CD3D3B00F9FF5B /* Sources */ = {
			isa = PBXSourcesBuildPhase;
			buildActionMask = 2147483647;
			files = (
				7372B30214CD3D3B00F9FF5B /* main.m in Sources */,
				7372B30614CD3D3B00F9FF5B /* AppDelegate.m in Sources */,
			);
			runOnlyForDeploymentPostprocessing = 0;
		};
		7372B30714CD3D3B00F9FF5B /* Sources */ = {
			isa = PBXSourcesBuildPhase;
			buildActionMask = 2147483647;
			files = (
				7372B31B14CD3D3B00F9FF5B /* KiwiSampleTests.m in Sources */,
			);
			runOnlyForDeploymentPostprocessing = 0;
		};
/* End PBXSourcesBuildPhase section */

/* Begin PBXTargetDependency section */
		7372B31214CD3D3B00F9FF5B /* PBXTargetDependency */ = {
			isa = PBXTargetDependency;
			target = 7372B2F014CD3D3B00F9FF5B /* KiwiSample */;
			targetProxy = 7372B31114CD3D3B00F9FF5B /* PBXContainerItemProxy */;
		};
		739F447E14CD43C30004B802 /* PBXTargetDependency */ = {
			isa = PBXTargetDependency;
			name = Kiwi;
			targetProxy = 739F447D14CD43C30004B802 /* PBXContainerItemProxy */;
		};
/* End PBXTargetDependency section */

/* Begin PBXVariantGroup section */
		7372B2FE14CD3D3B00F9FF5B /* InfoPlist.strings */ = {
			isa = PBXVariantGroup;
			children = (
				7372B2FF14CD3D3B00F9FF5B /* en */,
			);
			name = InfoPlist.strings;
			sourceTree = "<group>";
		};
		7372B31614CD3D3B00F9FF5B /* InfoPlist.strings */ = {
			isa = PBXVariantGroup;
			children = (
				7372B31714CD3D3B00F9FF5B /* en */,
			);
			name = InfoPlist.strings;
			sourceTree = "<group>";
		};
/* End PBXVariantGroup section */

/* Begin XCBuildConfiguration section */
		7372B31C14CD3D3B00F9FF5B /* Debug */ = {
			isa = XCBuildConfiguration;
			buildSettings = {
				ALWAYS_SEARCH_USER_PATHS = NO;
				ARCHS = "$(ARCHS_STANDARD_32_BIT)";
				"CODE_SIGN_IDENTITY[sdk=iphoneos*]" = "iPhone Developer";
				COPY_PHASE_STRIP = NO;
				GCC_C_LANGUAGE_STANDARD = gnu99;
				GCC_DYNAMIC_NO_PIC = NO;
				GCC_OPTIMIZATION_LEVEL = 0;
				GCC_PREPROCESSOR_DEFINITIONS = (
					"DEBUG=1",
					"$(inherited)",
				);
				GCC_SYMBOLS_PRIVATE_EXTERN = NO;
				GCC_VERSION = com.apple.compilers.llvm.clang.1_0;
				GCC_WARN_ABOUT_MISSING_PROTOTYPES = YES;
				GCC_WARN_ABOUT_RETURN_TYPE = YES;
				GCC_WARN_UNUSED_VARIABLE = YES;
				IPHONEOS_DEPLOYMENT_TARGET = 5.0;
				SDKROOT = iphoneos;
			};
			name = Debug;
		};
		7372B31D14CD3D3B00F9FF5B /* Release */ = {
			isa = XCBuildConfiguration;
			buildSettings = {
				ALWAYS_SEARCH_USER_PATHS = NO;
				ARCHS = "$(ARCHS_STANDARD_32_BIT)";
				"CODE_SIGN_IDENTITY[sdk=iphoneos*]" = "iPhone Developer";
				COPY_PHASE_STRIP = YES;
				GCC_C_LANGUAGE_STANDARD = gnu99;
				GCC_VERSION = com.apple.compilers.llvm.clang.1_0;
				GCC_WARN_ABOUT_MISSING_PROTOTYPES = YES;
				GCC_WARN_ABOUT_RETURN_TYPE = YES;
				GCC_WARN_UNUSED_VARIABLE = YES;
				IPHONEOS_DEPLOYMENT_TARGET = 5.0;
				OTHER_CFLAGS = "-DNS_BLOCK_ASSERTIONS=1";
				SDKROOT = iphoneos;
				VALIDATE_PRODUCT = YES;
			};
			name = Release;
		};
		7372B31F14CD3D3B00F9FF5B /* Debug */ = {
			isa = XCBuildConfiguration;
			buildSettings = {
				GCC_PRECOMPILE_PREFIX_HEADER = YES;
				GCC_PREFIX_HEADER = "KiwiSample/KiwiSample-Prefix.pch";
				INFOPLIST_FILE = "KiwiSample/KiwiSample-Info.plist";
				IPHONEOS_DEPLOYMENT_TARGET = 4.0;
				PRODUCT_NAME = "$(TARGET_NAME)";
				WRAPPER_EXTENSION = app;
			};
			name = Debug;
		};
		7372B32014CD3D3B00F9FF5B /* Release */ = {
			isa = XCBuildConfiguration;
			buildSettings = {
				GCC_PRECOMPILE_PREFIX_HEADER = YES;
				GCC_PREFIX_HEADER = "KiwiSample/KiwiSample-Prefix.pch";
				INFOPLIST_FILE = "KiwiSample/KiwiSample-Info.plist";
				IPHONEOS_DEPLOYMENT_TARGET = 4.0;
				PRODUCT_NAME = "$(TARGET_NAME)";
				WRAPPER_EXTENSION = app;
			};
			name = Release;
		};
		7372B32214CD3D3B00F9FF5B /* Debug */ = {
			isa = XCBuildConfiguration;
			buildSettings = {
				BUNDLE_LOADER = "$(BUILT_PRODUCTS_DIR)/KiwiSample.app/KiwiSample";
				FRAMEWORK_SEARCH_PATHS = (
					"$(SDKROOT)/Developer/Library/Frameworks",
					"$(DEVELOPER_LIBRARY_DIR)/Frameworks",
				);
				GCC_PRECOMPILE_PREFIX_HEADER = YES;
				GCC_PREFIX_HEADER = "KiwiSample/KiwiSample-Prefix.pch";
				HEADER_SEARCH_PATHS = Kiwi/Kiwi;
				INFOPLIST_FILE = "KiwiSampleTests/KiwiSampleTests-Info.plist";
				OTHER_LDFLAGS = "-all_load";
				PRODUCT_NAME = "$(TARGET_NAME)";
				TEST_HOST = "$(BUNDLE_LOADER)";
				WRAPPER_EXTENSION = octest;
			};
			name = Debug;
		};
		7372B32314CD3D3B00F9FF5B /* Release */ = {
			isa = XCBuildConfiguration;
			buildSettings = {
				BUNDLE_LOADER = "$(BUILT_PRODUCTS_DIR)/KiwiSample.app/KiwiSample";
				FRAMEWORK_SEARCH_PATHS = (
					"$(SDKROOT)/Developer/Library/Frameworks",
					"$(DEVELOPER_LIBRARY_DIR)/Frameworks",
				);
				GCC_PRECOMPILE_PREFIX_HEADER = YES;
				GCC_PREFIX_HEADER = "KiwiSample/KiwiSample-Prefix.pch";
				HEADER_SEARCH_PATHS = Kiwi/Kiwi;
				INFOPLIST_FILE = "KiwiSampleTests/KiwiSampleTests-Info.plist";
				OTHER_LDFLAGS = "-all_load";
				PRODUCT_NAME = "$(TARGET_NAME)";
				TEST_HOST = "$(BUNDLE_LOADER)";
				WRAPPER_EXTENSION = octest;
			};
			name = Release;
		};
/* End XCBuildConfiguration section */

/* Begin XCConfigurationList section */
		7372B2EB14CD3D3B00F9FF5B /* Build configuration list for PBXProject "KiwiSample" */ = {
			isa = XCConfigurationList;
			buildConfigurations = (
				7372B31C14CD3D3B00F9FF5B /* Debug */,
				7372B31D14CD3D3B00F9FF5B /* Release */,
			);
			defaultConfigurationIsVisible = 0;
			defaultConfigurationName = Release;
		};
		7372B31E14CD3D3B00F9FF5B /* Build configuration list for PBXNativeTarget "KiwiSample" */ = {
			isa = XCConfigurationList;
			buildConfigurations = (
				7372B31F14CD3D3B00F9FF5B /* Debug */,
				7372B32014CD3D3B00F9FF5B /* Release */,
			);
			defaultConfigurationIsVisible = 0;
			defaultConfigurationName = Release;
		};
		7372B32114CD3D3B00F9FF5B /* Build configuration list for PBXNativeTarget "KiwiSampleTests" */ = {
			isa = XCConfigurationList;
			buildConfigurations = (
				7372B32214CD3D3B00F9FF5B /* Debug */,
				7372B32314CD3D3B00F9FF5B /* Release */,
			);
			defaultConfigurationIsVisible = 0;
			defaultConfigurationName = Release;
		};
/* End XCConfigurationList section */
	};
	rootObject = 7372B2E814CD3D3B00F9FF5B /* Project object */;
}
